
Microsoft Visual Studio Solution File, Format Version 12.00
# Visual Studio Version 17
VisualStudioVersion = 17.0.31717.71
MinimumVisualStudioVersion = 10.0.40219.1
Project("{9A19103F-16F7-4668-BE54-9A1E7A4F7556}") = "echeckBlazor", "echeckBlazor.csproj", "{2BEEC39C-496B-46E9-9E63-00DB65375EC4}"
EndProject
Global
	GlobalSection(SolutionConfigurationPlatforms) = preSolution
		Debug|Any CPU = Debug|Any CPU
		Release|Any CPU = Release|Any CPU
	EndGlobalSection
	GlobalSection(ProjectConfigurationPlatforms) = postSolution
		{2BEEC39C-496B-46E9-9E63-00DB65375EC4}.Debug|Any CPU.ActiveCfg = Debug|Any CPU
		{2BEEC39C-496B-46E9-9E63-00DB65375EC4}.Debug|Any CPU.Build.0 = Debug|Any CPU
		{2BEEC39C-496B-46E9-9E63-00DB65375EC4}.Release|Any CPU.ActiveCfg = Release|Any CPU
		{2BEEC39C-496B-46E9-9E63-00DB65375EC4}.Release|Any CPU.Build.0 = Release|Any CPU
	EndGlobalSection
	GlobalSection(SolutionProperties) = preSolution
		HideSolutionNode = FALSE
	EndGlobalSection
	GlobalSection(ExtensibilityGlobals) = postSolution
		SolutionGuid = {EA78EFB4-5E01-484B-9521-6E1031125B1B}
	EndGlobalSection
EndGlobal